
Microsoft Visual Studio Solution File, Format Version 12.00
# Visual Studio Version 17
VisualStudioVersion = 17.2.32616.157
MinimumVisualStudioVersion = 10.0.40219.1
Project("{9A19103F-16F7-4668-BE54-9A1E7A4F7556}") = "Proj_3", "Proj_3\Proj_3.csproj", "{19C96370-5390-4491-97DB-8CEF4D39EF84}"
EndProject
Project("{9A19103F-16F7-4668-BE54-9A1E7A4F7556}") = "Domain", "Domain\Domain.csproj", "{ACF27F1B-3820-4A11-853C-605FCAB5B761}"
EndProject
Project("{2150E333-8FDC-42A3-9474-1A3956D46DE8}") = "DAL", "DAL", "{0526A6DC-0420-4F09-B49D-19C9195D50EB}"
EndProject
Project("{9A19103F-16F7-4668-BE54-9A1E7A4F7556}") = "Proj_3.DAL", "Proj_3.DAL\Proj_3.DAL.csproj", "{40B8FBDD-3F1C-47FC-8496-BFE4771CF808}"
EndProject
Project("{2150E333-8FDC-42A3-9474-1A3956D46DE8}") = "Service", "Service", "{1DA10EB1-E1C6-4605-8A93-758D56AF758E}"
EndProject
Project("{9A19103F-16F7-4668-BE54-9A1E7A4F7556}") = "Team.Service", "Team.Service\Team.Service.csproj", "{C6EE3647-3A8C-4C98-8055-AEC08328B093}"
EndProject
Global
	GlobalSection(SolutionConfigurationPlatforms) = preSolution
		Debug|Any CPU = Debug|Any CPU
		Release|Any CPU = Release|Any CPU
	EndGlobalSection
	GlobalSection(ProjectConfigurationPlatforms) = postSolution
		{19C96370-5390-4491-97DB-8CEF4D39EF84}.Debug|Any CPU.ActiveCfg = Debug|Any CPU
		{19C96370-5390-4491-97DB-8CEF4D39EF84}.Debug|Any CPU.Build.0 = Debug|Any CPU
		{19C96370-5390-4491-97DB-8CEF4D39EF84}.Release|Any CPU.ActiveCfg = Release|Any CPU
		{19C96370-5390-4491-97DB-8CEF4D39EF84}.Release|Any CPU.Build.0 = Release|Any CPU
		{ACF27F1B-3820-4A11-853C-605FCAB5B761}.Debug|Any CPU.ActiveCfg = Debug|Any CPU
		{ACF27F1B-3820-4A11-853C-605FCAB5B761}.Debug|Any CPU.Build.0 = Debug|Any CPU
		{ACF27F1B-3820-4A11-853C-605FCAB5B761}.Release|Any CPU.ActiveCfg = Release|Any CPU
		{ACF27F1B-3820-4A11-853C-605FCAB5B761}.Release|Any CPU.Build.0 = Release|Any CPU
		{40B8FBDD-3F1C-47FC-8496-BFE4771CF808}.Debug|Any CPU.ActiveCfg = Debug|Any CPU
		{40B8FBDD-3F1C-47FC-8496-BFE4771CF808}.Debug|Any CPU.Build.0 = Debug|Any CPU
		{40B8FBDD-3F1C-47FC-8496-BFE4771CF808}.Release|Any CPU.ActiveCfg = Release|Any CPU
		{40B8FBDD-3F1C-47FC-8496-BFE4771CF808}.Release|Any CPU.Build.0 = Release|Any CPU
		{C6EE3647-3A8C-4C98-8055-AEC08328B093}.Debug|Any CPU.ActiveCfg = Debug|Any CPU
		{C6EE3647-3A8C-4C98-8055-AEC08328B093}.Debug|Any CPU.Build.0 = Debug|Any CPU
		{C6EE3647-3A8C-4C98-8055-AEC08328B093}.Release|Any CPU.ActiveCfg = Release|Any CPU
		{C6EE3647-3A8C-4C98-8055-AEC08328B093}.Release|Any CPU.Build.0 = Release|Any CPU
	EndGlobalSection
	GlobalSection(SolutionProperties) = preSolution
		HideSolutionNode = FALSE
	EndGlobalSection
	GlobalSection(NestedProjects) = preSolution
		{40B8FBDD-3F1C-47FC-8496-BFE4771CF808} = {0526A6DC-0420-4F09-B49D-19C9195D50EB}
		{C6EE3647-3A8C-4C98-8055-AEC08328B093} = {1DA10EB1-E1C6-4605-8A93-758D56AF758E}
	EndGlobalSection
	GlobalSection(ExtensibilityGlobals) = postSolution
		SolutionGuid = {C6C591A2-5A0A-4EEC-B599-23F3EF787B3C}
	EndGlobalSection
EndGlobal
